PODS:
  - cross_bluetooth_api (0.0.1):
    - Flutter
  - Flutter (1.0.0)

DEPENDENCIES:
  - cross_bluetooth_api (from `.symlinks/plugins/cross_bluetooth_api/ios`)
  - Flutter (from `Flutter`)

EXTERNAL SOURCES:
  cross_bluetooth_api:
    :path: ".symlinks/plugins/cross_bluetooth_api/ios"
  Flutter:
    :path: Flutter

SPEC CHECKSUMS:
  cross_bluetooth_api: b91cb4a4dc5f7dce4e9791d8a70b5a07d6a20f68
  Flutter: cabc95a1d2626b1b06e7179b784ebcf0c0cde467

PODFILE CHECKSUM: 0dbd5a87e0ace00c9610d2037ac22083a01f861d

COCOAPODS: 1.16.2
