PODS:
  - cross_bluetooth_api (0.0.1):
    - Flutter
  - Flutter (1.0.0)

DEPENDENCIES:
  - cross_bluetooth_api (from `.symlinks/plugins/cross_bluetooth_api/ios`)
  - Flutter (from `Flutter`)

EXTERNAL SOURCES:
  cross_bluetooth_api:
    :path: ".symlinks/plugins/cross_bluetooth_api/ios"
  Flutter:
    :path: Flutter

SPEC CHECKSUMS:
  cross_bluetooth_api: 2c7a7d5f5ed72483f21787b7721e9e193573335f
  Flutter: cabc95a1d2626b1b06e7179b784ebcf0c0cde467

PODFILE CHECKSUM: 0b0d93ad8b0482fb4f922997b4128078df109ba7

COCOAPODS: 1.16.2
